// !$*UTF8*$!
{
	archiveVersion = 1;
	classes = {
	};
	objectVersion = 50;
	objects = {

/* Begin PBXBuildFile section */
		8C3E7CF9034009E8D02816FD /* Pods_MultiPeer.framework in Frameworks */ = {isa = PBXBuildFile; fileRef = 2C30776EF3A79E52D46EE6DA /* Pods_MultiPeer.framework */; };
		A770E6B72259BC0E0041DBA5 /* AppDelegate.swift in Sources */ = {isa = PBXBuildFile; fileRef = A770E6B62259BC0E0041DBA5 /* AppDelegate.swift */; };
		A770E6B92259BC0E0041DBA5 /* ViewController.swift in Sources */ = {isa = PBXBuildFile; fileRef = A770E6B82259BC0E0041DBA5 /* ViewController.swift */; };
		A770E6BC2259BC0E0041DBA5 /* Main.storyboard in Resources */ = {isa = PBXBuildFile; fileRef = A770E6BA2259BC0E0041DBA5 /* Main.storyboard */; };
		A770E6BE2259BC100041DBA5 /* Assets.xcassets in Resources */ = {isa = PBXBuildFile; fileRef = A770E6BD2259BC100041DBA5 /* Assets.xcassets */; };
		A770E6C12259BC100041DBA5 /* LaunchScreen.storyboard in Resources */ = {isa = PBXBuildFile; fileRef = A770E6BF2259BC100041DBA5 /* LaunchScreen.storyboard */; };
		A770E6C92259BD540041DBA5 /* FactService.swift in Sources */ = {isa = PBXBuildFile; fileRef = A770E6C82259BD540041DBA5 /* FactService.swift */; };
/* End PBXBuildFile section */

/* Begin PBXFileReference section */
		2C30776EF3A79E52D46EE6DA /* Pods_MultiPeer.framework */ = {isa = PBXFileReference; explicitFileType = wrapper.framework; includeInIndex = 0; path = Pods_MultiPeer.framework; sourceTree = BUILT_PRODUCTS_DIR; };
		75BB638C92024D8A10608006 /* Pods-MultiPeer.release.xcconfig */ = {isa = PBXFileReference; includeInIndex = 1; lastKnownFileType = text.xcconfig; name = "Pods-MultiPeer.release.xcconfig"; path = "Target Support Files/Pods-MultiPeer/Pods-MultiPeer.release.xcconfig"; sourceTree = "<group>"; };
		A4E99049EA8EC8B0A3871345 /* Pods-MultiPeer.debug.xcconfig */ = {isa = PBXFileReference; includeInIndex = 1; lastKnownFileType = text.xcconfig; name = "Pods-MultiPeer.debug.xcconfig"; path = "Target Support Files/Pods-MultiPeer/Pods-MultiPeer.debug.xcconfig"; sourceTree = "<group>"; };
		A770E6B32259BC0E0041DBA5 /* MultiPeer.app */ = {isa = PBXFileReference; explicitFileType = wrapper.application; includeInIndex = 0; path = MultiPeer.app; sourceTree = BUILT_PRODUCTS_DIR; };
		A770E6B62259BC0E0041DBA5 /* AppDelegate.swift */ = {isa = PBXFileReference; lastKnownFileType = sourcecode.swift; path = AppDelegate.swift; sourceTree = "<group>"; };
		A770E6B82259BC0E0041DBA5 /* ViewController.swift */ = {isa = PBXFileReference; lastKnownFileType = sourcecode.swift; path = ViewController.swift; sourceTree = "<group>"; };
		A770E6BB2259BC0E0041DBA5 /* Base */ = {isa = PBXFileReference; lastKnownFileType = file.storyboard; name = Base; path = Base.lproj/Main.storyboard; sourceTree = "<group>"; };
		A770E6BD2259BC100041DBA5 /* Assets.xcassets */ = {isa = PBXFileReference; lastKnownFileType = folder.assetcatalog; path = Assets.xcassets; sourceTree = "<group>"; };
		A770E6C02259BC100041DBA5 /* Base */ = {isa = PBXFileReference; lastKnownFileType = file.storyboard; name = Base; path = Base.lproj/LaunchScreen.storyboard; sourceTree = "<group>"; };
		A770E6C22259BC100041DBA5 /* Info.plist */ = {isa = PBXFileReference; lastKnownFileType = text.plist.xml; path = Info.plist; sourceTree = "<group>"; };
		A770E6C82259BD540041DBA5 /* FactService.swift */ = {isa = PBXFileReference; lastKnownFileType = sourcecode.swift; path = FactService.swift; sourceTree = "<group>"; };
/* End PBXFileReference section */

/* Begin PBXFrameworksBuildPhase section */
		A770E6B02259BC0E0041DBA5 /* Frameworks */ = {
			isa = PBXFrameworksBuildPhase;
			buildActionMask = 2147483647;
			files = (
				8C3E7CF9034009E8D02816FD /* Pods_MultiPeer.framework in Frameworks */,
			);
			runOnlyForDeploymentPostprocessing = 0;
		};
/* End PBXFrameworksBuildPhase section */

/* Begin PBXGroup section */
		3DAB012EBDCF210CBF1F0A1B /* Frameworks */ = {
			isa = PBXGroup;
			children = (
				2C30776EF3A79E52D46EE6DA /* Pods_MultiPeer.framework */,
			);
			name = Frameworks;
			sourceTree = "<group>";
		};
		A770E6AA2259BC0E0041DBA5 = {
			isa = PBXGroup;
			children = (
				A770E6B52259BC0E0041DBA5 /* MultiPeer */,
				A770E6B42259BC0E0041DBA5 /* Products */,
				BC99BF00B49D0B497A70E007 /* Pods */,
				3DAB012EBDCF210CBF1F0A1B /* Frameworks */,
			);
			sourceTree = "<group>";
		};
		A770E6B42259BC0E0041DBA5 /* Products */ = {
			isa = PBXGroup;
			children = (
				A770E6B32259BC0E0041DBA5 /* MultiPeer.app */,
			);
			name = Products;
			sourceTree = "<group>";
		};
		A770E6B52259BC0E0041DBA5 /* MultiPeer */ = {
			isa = PBXGroup;
			children = (
				A770E6B62259BC0E0041DBA5 /* AppDelegate.swift */,
				A770E6B82259BC0E0041DBA5 /* ViewController.swift */,
				A770E6BA2259BC0E0041DBA5 /* Main.storyboard */,
				A770E6BD2259BC100041DBA5 /* Assets.xcassets */,
				A770E6BF2259BC100041DBA5 /* LaunchScreen.storyboard */,
				A770E6C22259BC100041DBA5 /* Info.plist */,
				A770E6C82259BD540041DBA5 /* FactService.swift */,
			);
			path = MultiPeer;
			sourceTree = "<group>";
		};
		BC99BF00B49D0B497A70E007 /* Pods */ = {
			isa = PBXGroup;
			children = (
				A4E99049EA8EC8B0A3871345 /* Pods-MultiPeer.debug.xcconfig */,
				75BB638C92024D8A10608006 /* Pods-MultiPeer.release.xcconfig */,
			);
			name = Pods;
			path = Pods;
			sourceTree = "<group>";
		};
/* End PBXGroup section */

/* Begin PBXNativeTarget section */
		A770E6B22259BC0E0041DBA5 /* MultiPeer */ = {
			isa = PBXNativeTarget;
			buildConfigurationList = A770E6C52259BC100041DBA5 /* Build configuration list for PBXNativeTarget "MultiPeer" */;
			buildPhases = (
				32F5BD52A4C7DFDAF79231AB /* [CP] Check Pods Manifest.lock */,
				A770E6AF2259BC0E0041DBA5 /* Sources */,
				A770E6B02259BC0E0041DBA5 /* Frameworks */,
				A770E6B12259BC0E0041DBA5 /* Resources */,
				C4CDF20DFA210A3E14C29D16 /* [CP] Embed Pods Frameworks */,
			);
			buildRules = (
			);
			dependencies = (
			);
			name = MultiPeer;
			productName = MultiPeer;
			productReference = A770E6B32259BC0E0041DBA5 /* MultiPeer.app */;
			productType = "com.apple.product-type.application";
		};
/* End PBXNativeTarget section */

/* Begin PBXProject section */
		A770E6AB2259BC0E0041DBA5 /* Project object */ = {
			isa = PBXProject;
			attributes = {
				LastSwiftUpdateCheck = 1020;
				LastUpgradeCheck = 1020;
				ORGANIZATIONNAME = "Michael Bergamo";
				TargetAttributes = {
					A770E6B22259BC0E0041DBA5 = {
						CreatedOnToolsVersion = 10.2;
					};
				};
			};
			buildConfigurationList = A770E6AE2259BC0E0041DBA5 /* Build configuration list for PBXProject "MultiPeer" */;
			compatibilityVersion = "Xcode 9.3";
			developmentRegion = en;
			hasScannedForEncodings = 0;
			knownRegions = (
				en,
				Base,
			);
			mainGroup = A770E6AA2259BC0E0041DBA5;
			productRefGroup = A770E6B42259BC0E0041DBA5 /* Products */;
			projectDirPath = "";
			projectRoot = "";
			targets = (
				A770E6B22259BC0E0041DBA5 /* MultiPeer */,
			);
		};
/* End PBXProject section */

/* Begin PBXResourcesBuildPhase section */
		A770E6B12259BC0E0041DBA5 /* Resources */ = {
			isa = PBXResourcesBuildPhase;
			buildActionMask = 2147483647;
			files = (
				A770E6C12259BC100041DBA5 /* LaunchScreen.storyboard in Resources */,
				A770E6BE2259BC100041DBA5 /* Assets.xcassets in Resources */,
				A770E6BC2259BC0E0041DBA5 /* Main.storyboard in Resources */,
			);
			runOnlyForDeploymentPostprocessing = 0;
		};
/* End PBXResourcesBuildPhase section */

/* Begin PBXShellScriptBuildPhase section */
		32F5BD52A4C7DFDAF79231AB /* [CP] Check Pods Manifest.lock */ = {
			isa = PBXShellScriptBuildPhase;
			buildActionMask = 2147483647;
			files = (
			);
			inputFileListPaths = (
			);
			inputPaths = (
				"${PODS_PODFILE_DIR_PATH}/Podfile.lock",
				"${PODS_ROOT}/Manifest.lock",
			);
			name = "[CP] Check Pods Manifest.lock";
			outputFileListPaths = (
			);
			outputPaths = (
				"$(DERIVED_FILE_DIR)/Pods-MultiPeer-checkManifestLockResult.txt",
			);
			runOnlyForDeploymentPostprocessing = 0;
			shellPath = /bin/sh;
			shellScript = "diff \"${PODS_PODFILE_DIR_PATH}/Podfile.lock\" \"${PODS_ROOT}/Manifest.lock\" > /dev/null\nif [ $? != 0 ] ; then\n    # print error to STDERR\n    echo \"error: The sandbox is not in sync with the Podfile.lock. Run 'pod install' or update your CocoaPods installation.\" >&2\n    exit 1\nfi\n# This output is used by Xcode 'outputs' to avoid re-running this script phase.\necho \"SUCCESS\" > \"${SCRIPT_OUTPUT_FILE_0}\"\n";
			showEnvVarsInLog = 0;
		};
		C4CDF20DFA210A3E14C29D16 /* [CP] Embed Pods Frameworks */ = {
			isa = PBXShellScriptBuildPhase;
			buildActionMask = 2147483647;
			files = (
			);
			inputFileListPaths = (
			);
			inputPaths = (
				"${PODS_ROOT}/Target Support Files/Pods-MultiPeer/Pods-MultiPeer-frameworks.sh",
				"${BUILT_PRODUCTS_DIR}/Alamofire/Alamofire.framework",
				"${BUILT_PRODUCTS_DIR}/AyrtonAppKit/AyrtonAppKit.framework",
				"${BUILT_PRODUCTS_DIR}/MBProgressHUD/MBProgressHUD.framework",
				"${BUILT_PRODUCTS_DIR}/ReactiveCocoa/ReactiveCocoa.framework",
				"${BUILT_PRODUCTS_DIR}/ReactiveSwift/ReactiveSwift.framework",
				"${BUILT_PRODUCTS_DIR}/Realm/Realm.framework",
				"${BUILT_PRODUCTS_DIR}/RealmSwift/RealmSwift.framework",
				"${BUILT_PRODUCTS_DIR}/Result/Result.framework",
				"${BUILT_PRODUCTS_DIR}/SwiftyDropbox/SwiftyDropbox.framework",
			);
			name = "[CP] Embed Pods Frameworks";
			outputFileListPaths = (
			);
			outputPaths = (
				"${TARGET_BUILD_DIR}/${FRAMEWORKS_FOLDER_PATH}/Alamofire.framework",
				"${TARGET_BUILD_DIR}/${FRAMEWORKS_FOLDER_PATH}/AyrtonAppKit.framework",
				"${TARGET_BUILD_DIR}/${FRAMEWORKS_FOLDER_PATH}/MBProgressHUD.framework",
				"${TARGET_BUILD_DIR}/${FRAMEWORKS_FOLDER_PATH}/ReactiveCocoa.framework",
				"${TARGET_BUILD_DIR}/${FRAMEWORKS_FOLDER_PATH}/ReactiveSwift.framework",
				"${TARGET_BUILD_DIR}/${FRAMEWORKS_FOLDER_PATH}/Realm.framework",
				"${TARGET_BUILD_DIR}/${FRAMEWORKS_FOLDER_PATH}/RealmSwift.framework",
				"${TARGET_BUILD_DIR}/${FRAMEWORKS_FOLDER_PATH}/Result.framework",
				"${TARGET_BUILD_DIR}/${FRAMEWORKS_FOLDER_PATH}/SwiftyDropbox.framework",
			);
			runOnlyForDeploymentPostprocessing = 0;
			shellPath = /bin/sh;
			shellScript = "\"${PODS_ROOT}/Target Support Files/Pods-MultiPeer/Pods-MultiPeer-frameworks.sh\"\n";
			showEnvVarsInLog = 0;
		};
/* End PBXShellScriptBuildPhase section */

/* Begin PBXSourcesBuildPhase section */
		A770E6AF2259BC0E0041DBA5 /* Sources */ = {
			isa = PBXSourcesBuildPhase;
			buildActionMask = 2147483647;
			files = (
				A770E6B92259BC0E0041DBA5 /* ViewController.swift in Sources */,
				A770E6C92259BD540041DBA5 /* FactService.swift in Sources */,
				A770E6B72259BC0E0041DBA5 /* AppDelegate.swift in Sources */,
			);
			runOnlyForDeploymentPostprocessing = 0;
		};
/* End PBXSourcesBuildPhase section */

/* Begin PBXVariantGroup section */
		A770E6BA2259BC0E0041DBA5 /* Main.storyboard */ = {
			isa = PBXVariantGroup;
			children = (
				A770E6BB2259BC0E0041DBA5 /* Base */,
			);
			name = Main.storyboard;
			sourceTree = "<group>";
		};
		A770E6BF2259BC100041DBA5 /* LaunchScreen.storyboard */ = {
			isa = PBXVariantGroup;
			children = (
				A770E6C02259BC100041DBA5 /* Base */,
			);
			name = LaunchScreen.storyboard;
			sourceTree = "<group>";
		};
/* End PBXVariantGroup section */

/* Begin XCBuildConfiguration section */
		A770E6C32259BC100041DBA5 /* Debug */ = {
			isa = XCBuildConfiguration;
			buildSettings = {
				ALWAYS_SEARCH_USER_PATHS = NO;
				CLANG_ANALYZER_NONNULL = YES;
				CLANG_ANALYZER_NUMBER_OBJECT_CONVERSION = YES_AGGRESSIVE;
				CLANG_CXX_LANGUAGE_STANDARD = "gnu++14";
				CLANG_CXX_LIBRARY = "libc++";
				CLANG_ENABLE_MODULES = YES;
				CLANG_ENABLE_OBJC_ARC = YES;
				CLANG_ENABLE_OBJC_WEAK = YES;
				CLANG_WARN_BLOCK_CAPTURE_AUTORELEASING = YES;
				CLANG_WARN_BOOL_CONVERSION = YES;
				CLANG_WARN_COMMA = YES;
				CLANG_WARN_CONSTANT_CONVERSION = YES;
				CLANG_WARN_DEPRECATED_OBJC_IMPLEMENTATIONS = YES;
				CLANG_WARN_DIRECT_OBJC_ISA_USAGE = YES_ERROR;
				CLANG_WARN_DOCUMENTATION_COMMENTS = YES;
				CLANG_WARN_EMPTY_BODY = YES;
				CLANG_WARN_ENUM_CONVERSION = YES;
				CLANG_WARN_INFINITE_RECURSION = YES;
				CLANG_WARN_INT_CONVERSION = YES;
				CLANG_WARN_NON_LITERAL_NULL_CONVERSION = YES;
				CLANG_WARN_OBJC_IMPLICIT_RETAIN_SELF = YES;
				CLANG_WARN_OBJC_LITERAL_CONVERSION = YES;
				CLANG_WARN_OBJC_ROOT_CLASS = YES_ERROR;
				CLANG_WARN_RANGE_LOOP_ANALYSIS = YES;
				CLANG_WARN_STRICT_PROTOTYPES = YES;
				CLANG_WARN_SUSPICIOUS_MOVE = YES;
				CLANG_WARN_UNGUARDED_AVAILABILITY = YES_AGGRESSIVE;
				CLANG_WARN_UNREACHABLE_CODE = YES;
				CLANG_WARN__DUPLICATE_METHOD_MATCH = YES;
				CODE_SIGN_IDENTITY = "iPhone Developer";
				COPY_PHASE_STRIP = NO;
				DEBUG_INFORMATION_FORMAT = dwarf;
				ENABLE_STRICT_OBJC_MSGSEND = YES;
				ENABLE_TESTABILITY = YES;
				GCC_C_LANGUAGE_STANDARD = gnu11;
				GCC_DYNAMIC_NO_PIC = NO;
				GCC_NO_COMMON_BLOCKS = YES;
				GCC_OPTIMIZATION_LEVEL = 0;
				GCC_PREPROCESSOR_DEFINITIONS = (
					"DEBUG=1",
					"$(inherited)",
				);
				GCC_WARN_64_TO_32_BIT_CONVERSION = YES;
				GCC_WARN_ABOUT_RETURN_TYPE = YES_ERROR;
				GCC_WARN_UNDECLARED_SELECTOR = YES;
				GCC_WARN_UNINITIALIZED_AUTOS = YES_AGGRESSIVE;
				GCC_WARN_UNUSED_FUNCTION = YES;
				GCC_WARN_UNUSED_VARIABLE = YES;
				IPHONEOS_DEPLOYMENT_TARGET = 12.2;
				MTL_ENABLE_DEBUG_INFO = INCLUDE_SOURCE;
				MTL_FAST_MATH = YES;
				ONLY_ACTIVE_ARCH = YES;
				SDKROOT = iphoneos;
				SWIFT_ACTIVE_COMPILATION_CONDITIONS = DEBUG;
				SWIFT_OPTIMIZATION_LEVEL = "-Onone";
			};
			name = Debug;
		};
		A770E6C42259BC100041DBA5 /* Release */ = {
			isa = XCBuildConfiguration;
			buildSettings = {
				ALWAYS_SEARCH_USER_PATHS = NO;
				CLANG_ANALYZER_NONNULL = YES;
				CLANG_ANALYZER_NUMBER_OBJECT_CONVERSION = YES_AGGRESSIVE;
				CLANG_CXX_LANGUAGE_STANDARD = "gnu++14";
				CLANG_CXX_LIBRARY = "libc++";
				CLANG_ENABLE_MODULES = YES;
				CLANG_ENABLE_OBJC_ARC = YES;
				CLANG_ENABLE_OBJC_WEAK = YES;
				CLANG_WARN_BLOCK_CAPTURE_AUTORELEASING = YES;
				CLANG_WARN_BOOL_CONVERSION = YES;
				CLANG_WARN_COMMA = YES;
				CLANG_WARN_CONSTANT_CONVERSION = YES;
				CLANG_WARN_DEPRECATED_OBJC_IMPLEMENTATIONS = YES;
				CLANG_WARN_DIRECT_OBJC_ISA_USAGE = YES_ERROR;
				CLANG_WARN_DOCUMENTATION_COMMENTS = YES;
				CLANG_WARN_EMPTY_BODY = YES;
				CLANG_WARN_ENUM_CONVERSION = YES;
				CLANG_WARN_INFINITE_RECURSION = YES;
				CLANG_WARN_INT_CONVERSION = YES;
				CLANG_WARN_NON_LITERAL_NULL_CONVERSION = YES;
				CLANG_WARN_OBJC_IMPLICIT_RETAIN_SELF = YES;
				CLANG_WARN_OBJC_LITERAL_CONVERSION = YES;
				CLANG_WARN_OBJC_ROOT_CLASS = YES_ERROR;
				CLANG_WARN_RANGE_LOOP_ANALYSIS = YES;
				CLANG_WARN_STRICT_PROTOTYPES = YES;
				CLANG_WARN_SUSPICIOUS_MOVE = YES;
				CLANG_WARN_UNGUARDED_AVAILABILITY = YES_AGGRESSIVE;
				CLANG_WARN_UNREACHABLE_CODE = YES;
				CLANG_WARN__DUPLICATE_METHOD_MATCH = YES;
				CODE_SIGN_IDENTITY = "iPhone Developer";
				COPY_PHASE_STRIP = NO;
				DEBUG_INFORMATION_FORMAT = "dwarf-with-dsym";
				ENABLE_NS_ASSERTIONS = NO;
				ENABLE_STRICT_OBJC_MSGSEND = YES;
				GCC_C_LANGUAGE_STANDARD = gnu11;
				GCC_NO_COMMON_BLOCKS = YES;
				GCC_WARN_64_TO_32_BIT_CONVERSION = YES;
				GCC_WARN_ABOUT_RETURN_TYPE = YES_ERROR;
				GCC_WARN_UNDECLARED_SELECTOR = YES;
				GCC_WARN_UNINITIALIZED_AUTOS = YES_AGGRESSIVE;
				GCC_WARN_UNUSED_FUNCTION = YES;
				GCC_WARN_UNUSED_VARIABLE = YES;
				IPHONEOS_DEPLOYMENT_TARGET = 12.2;
				MTL_ENABLE_DEBUG_INFO = NO;
				MTL_FAST_MATH = YES;
				SDKROOT = iphoneos;
				SWIFT_COMPILATION_MODE = wholemodule;
				SWIFT_OPTIMIZATION_LEVEL = "-O";
				VALIDATE_PRODUCT = YES;
			};
			name = Release;
		};
		A770E6C62259BC100041DBA5 /* Debug */ = {
			isa = XCBuildConfiguration;
			baseConfigurationReference = A4E99049EA8EC8B0A3871345 /* Pods-MultiPeer.debug.xcconfig */;
			buildSettings = {
				ASSETCATALOG_COMPILER_APPICON_NAME = AppIcon;
				CODE_SIGN_STYLE = Automatic;
				DEVELOPMENT_TEAM = 6RB5MRJNVN;
				INFOPLIST_FILE = MultiPeer/Info.plist;
				LD_RUNPATH_SEARCH_PATHS = (
					"$(inherited)",
					"@executable_path/Frameworks",
				);
				PRODUCT_BUNDLE_IDENTIFIER = com.ayrtonsoftware.MultiPeer;
				PRODUCT_NAME = "$(TARGET_NAME)";
				SWIFT_VERSION = 5.0;
				TARGETED_DEVICE_FAMILY = "1,2";
			};
			name = Debug;
		};
		A770E6C72259BC100041DBA5 /* Release */ = {
			isa = XCBuildConfiguration;
			baseConfigurationReference = 75BB638C92024D8A10608006 /* Pods-MultiPeer.release.xcconfig */;
			buildSettings = {
				ASSETCATALOG_COMPILER_APPICON_NAME = AppIcon;
				CODE_SIGN_STYLE = Automatic;
				DEVELOPMENT_TEAM = 6RB5MRJNVN;
				INFOPLIST_FILE = MultiPeer/Info.plist;
				LD_RUNPATH_SEARCH_PATHS = (
					"$(inherited)",
					"@executable_path/Frameworks",
				);
				PRODUCT_BUNDLE_IDENTIFIER = com.ayrtonsoftware.MultiPeer;
				PRODUCT_NAME = "$(TARGET_NAME)";
				SWIFT_VERSION = 5.0;
				TARGETED_DEVICE_FAMILY = "1,2";
			};
			name = Release;
		};
/* End XCBuildConfiguration section */

/* Begin XCConfigurationList section */
		A770E6AE2259BC0E0041DBA5 /* Build configuration list for PBXProject "MultiPeer" */ = {
			isa = XCConfigurationList;
			buildConfigurations = (
				A770E6C32259BC100041DBA5 /* Debug */,
				A770E6C42259BC100041DBA5 /* Release */,
			);
			defaultConfigurationIsVisible = 0;
			defaultConfigurationName = Release;
		};
		A770E6C52259BC100041DBA5 /* Build configuration list for PBXNativeTarget "MultiPeer" */ = {
			isa = XCConfigurationList;
			buildConfigurations = (
				A770E6C62259BC100041DBA5 /* Debug */,
				A770E6C72259BC100041DBA5 /* Release */,
			);
			defaultConfigurationIsVisible = 0;
			defaultConfigurationName = Release;
		};
/* End XCConfigurationList section */
	};
	rootObject = A770E6AB2259BC0E0041DBA5 /* Project object */;
}
